
Microsoft Visual Studio Solution File, Format Version 12.00
# Visual Studio Version 17
VisualStudioVersion = 17.4.33213.308
MinimumVisualStudioVersion = 10.0.40219.1
Project("{FAE04EC0-301F-11D3-BF4B-00C04F79EFBC}") = "oop_shadw_hiding_inheretans", "oop_shadw_hiding_inheretans\oop_shadw_hiding_inheretans.csproj", "{1E63B6BD-1611-4AFE-BE77-D1448780813D}"
EndProject
Global
	GlobalSection(SolutionConfigurationPlatforms) = preSolution
		Debug|Any CPU = Debug|Any CPU
		Release|Any CPU = Release|Any CPU
	EndGlobalSection
	GlobalSection(ProjectConfigurationPlatforms) = postSolution
		{1E63B6BD-1611-4AFE-BE77-D1448780813D}.Debug|Any CPU.ActiveCfg = Debug|Any CPU
		{1E63B6BD-1611-4AFE-BE77-D1448780813D}.Debug|Any CPU.Build.0 = Debug|Any CPU
		{1E63B6BD-1611-4AFE-BE77-D1448780813D}.Release|Any CPU.ActiveCfg = Release|Any CPU
		{1E63B6BD-1611-4AFE-BE77-D1448780813D}.Release|Any CPU.Build.0 = Release|Any CPU
	EndGlobalSection
	GlobalSection(SolutionProperties) = preSolution
		HideSolutionNode = FALSE
	EndGlobalSection
	GlobalSection(ExtensibilityGlobals) = postSolution
		SolutionGuid = {47B3B0AB-77C4-45D5-93EF-CE2FECA494A6}
	EndGlobalSection
EndGlobal
