
Microsoft Visual Studio Solution File, Format Version 12.00
# Visual Studio Version 17
VisualStudioVersion = 17.4.33213.308
MinimumVisualStudioVersion = 10.0.40219.1
Project("{FAE04EC0-301F-11D3-BF4B-00C04F79EFBC}") = "oop_Delegates", "oop_Delegates\oop_Delegates.csproj", "{469FBB21-ED39-4855-B7CE-E4CA3EE6B5FF}"
EndProject
Global
	GlobalSection(SolutionConfigurationPlatforms) = preSolution
		Debug|Any CPU = Debug|Any CPU
		Release|Any CPU = Release|Any CPU
	EndGlobalSection
	GlobalSection(ProjectConfigurationPlatforms) = postSolution
		{469FBB21-ED39-4855-B7CE-E4CA3EE6B5FF}.Debug|Any CPU.ActiveCfg = Debug|Any CPU
		{469FBB21-ED39-4855-B7CE-E4CA3EE6B5FF}.Debug|Any CPU.Build.0 = Debug|Any CPU
		{469FBB21-ED39-4855-B7CE-E4CA3EE6B5FF}.Release|Any CPU.ActiveCfg = Release|Any CPU
		{469FBB21-ED39-4855-B7CE-E4CA3EE6B5FF}.Release|Any CPU.Build.0 = Release|Any CPU
	EndGlobalSection
	GlobalSection(SolutionProperties) = preSolution
		HideSolutionNode = FALSE
	EndGlobalSection
	GlobalSection(ExtensibilityGlobals) = postSolution
		SolutionGuid = {BF139792-D6C3-493E-90C4-0FC47196DB19}
	EndGlobalSection
EndGlobal
