
Microsoft Visual Studio Solution File, Format Version 12.00
# Visual Studio Version 17
VisualStudioVersion = 17.4.33213.308
MinimumVisualStudioVersion = 10.0.40219.1
Project("{FAE04EC0-301F-11D3-BF4B-00C04F79EFBC}") = "oop_interface", "oop_interface\oop_interface.csproj", "{FD348060-9071-4040-A5C9-7D015124E013}"
EndProject
Global
	GlobalSection(SolutionConfigurationPlatforms) = preSolution
		Debug|Any CPU = Debug|Any CPU
		Release|Any CPU = Release|Any CPU
	EndGlobalSection
	GlobalSection(ProjectConfigurationPlatforms) = postSolution
		{FD348060-9071-4040-A5C9-7D015124E013}.Debug|Any CPU.ActiveCfg = Debug|Any CPU
		{FD348060-9071-4040-A5C9-7D015124E013}.Debug|Any CPU.Build.0 = Debug|Any CPU
		{FD348060-9071-4040-A5C9-7D015124E013}.Release|Any CPU.ActiveCfg = Release|Any CPU
		{FD348060-9071-4040-A5C9-7D015124E013}.Release|Any CPU.Build.0 = Release|Any CPU
	EndGlobalSection
	GlobalSection(SolutionProperties) = preSolution
		HideSolutionNode = FALSE
	EndGlobalSection
	GlobalSection(ExtensibilityGlobals) = postSolution
		SolutionGuid = {B249B1C1-D82B-42DC-8B8A-F5BEF8BF115D}
	EndGlobalSection
EndGlobal
