
Microsoft Visual Studio Solution File, Format Version 12.00
# Visual Studio Version 17
VisualStudioVersion = 17.4.33213.308
MinimumVisualStudioVersion = 10.0.40219.1
Project("{FAE04EC0-301F-11D3-BF4B-00C04F79EFBC}") = "oop_struct", "oop_struct\oop_struct.csproj", "{97567429-0D16-4EA9-9F31-3C577C1DC3E2}"
EndProject
Global
	GlobalSection(SolutionConfigurationPlatforms) = preSolution
		Debug|Any CPU = Debug|Any CPU
		Release|Any CPU = Release|Any CPU
	EndGlobalSection
	GlobalSection(ProjectConfigurationPlatforms) = postSolution
		{97567429-0D16-4EA9-9F31-3C577C1DC3E2}.Debug|Any CPU.ActiveCfg = Debug|Any CPU
		{97567429-0D16-4EA9-9F31-3C577C1DC3E2}.Debug|Any CPU.Build.0 = Debug|Any CPU
		{97567429-0D16-4EA9-9F31-3C577C1DC3E2}.Release|Any CPU.ActiveCfg = Release|Any CPU
		{97567429-0D16-4EA9-9F31-3C577C1DC3E2}.Release|Any CPU.Build.0 = Release|Any CPU
	EndGlobalSection
	GlobalSection(SolutionProperties) = preSolution
		HideSolutionNode = FALSE
	EndGlobalSection
	GlobalSection(ExtensibilityGlobals) = postSolution
		SolutionGuid = {3CD0EE9F-3FDE-44E9-BD88-CA2AFE4061FB}
	EndGlobalSection
EndGlobal
